
Microsoft Visual Studio Solution File, Format Version 12.00
# Visual Studio Version 16
VisualStudioVersion = 16.0.35325.158
MinimumVisualStudioVersion = 10.0.40219.1
Project("{FAE04EC0-301F-11D3-BF4B-00C04F79EFBC}") = "main", "main.csproj", "{840277EF-9321-4A3B-9A37-30F62453886A}"
EndProject
Global
	GlobalSection(SolutionConfigurationPlatforms) = preSolution
		Debug|Any CPU = Debug|Any CPU
		Release|Any CPU = Release|Any CPU
	EndGlobalSection
	GlobalSection(ProjectConfigurationPlatforms) = postSolution
		{840277EF-9321-4A3B-9A37-30F62453886A}.Debug|Any CPU.ActiveCfg = Debug|Any CPU
		{840277EF-9321-4A3B-9A37-30F62453886A}.Debug|Any CPU.Build.0 = Debug|Any CPU
		{840277EF-9321-4A3B-9A37-30F62453886A}.Release|Any CPU.ActiveCfg = Release|Any CPU
		{840277EF-9321-4A3B-9A37-30F62453886A}.Release|Any CPU.Build.0 = Release|Any CPU
	EndGlobalSection
	GlobalSection(SolutionProperties) = preSolution
		HideSolutionNode = FALSE
	EndGlobalSection
	GlobalSection(ExtensibilityGlobals) = postSolution
		SolutionGuid = {C0556D28-7904-4E45-8923-E90F3ED022A6}
	EndGlobalSection
EndGlobal
